
Microsoft Visual Studio Solution File, Format Version 12.00
# Visual Studio Version 17
VisualStudioVersion = 17.9.34723.18
MinimumVisualStudioVersion = 10.0.40219.1
Project("{FAE04EC0-301F-11D3-BF4B-00C04F79EFBC}") = "SuperMarket", "SuperMarket\SuperMarket.csproj", "{B8666F7B-6C27-442D-BD95-7DB0CE609301}"
EndProject
Global
	GlobalSection(SolutionConfigurationPlatforms) = preSolution
		Debug|Any CPU = Debug|Any CPU
		Release|Any CPU = Release|Any CPU
	EndGlobalSection
	GlobalSection(ProjectConfigurationPlatforms) = postSolution
		{B8666F7B-6C27-442D-BD95-7DB0CE609301}.Debug|Any CPU.ActiveCfg = Debug|Any CPU
		{B8666F7B-6C27-442D-BD95-7DB0CE609301}.Debug|Any CPU.Build.0 = Debug|Any CPU
		{B8666F7B-6C27-442D-BD95-7DB0CE609301}.Release|Any CPU.ActiveCfg = Release|Any CPU
		{B8666F7B-6C27-442D-BD95-7DB0CE609301}.Release|Any CPU.Build.0 = Release|Any CPU
	EndGlobalSection
	GlobalSection(SolutionProperties) = preSolution
		HideSolutionNode = FALSE
	EndGlobalSection
	GlobalSection(ExtensibilityGlobals) = postSolution
		SolutionGuid = {2416215B-76F2-43EB-8FC0-A4AB38EE04D6}
	EndGlobalSection
EndGlobal
